<?xml version="1.0" encoding="utf-8"?>
<Project ToolsVersion="4.0" xmlns="http://schemas.microsoft.com/developer/msbuild/2003">
  <ItemGroup>
    <ClCompile Include="JobThread.cpp">
      <Filter>Threading</Filter>
    </ClCompile>
    <ClCompile Include="ThreadManager.cpp">
      <Filter>Threading</Filter>
    </ClCompile>
    <ClCompile Include="DependentJobs.cpp">
      <Filter>Main</Filter>
    </ClCompile>
    <ClCompile Include="Job.cpp">
      <Filter>Threading</Filter>
    </ClCompile>
    <ClCompile Include="Swag.cpp">
      <Filter>Main</Filter>
    </ClCompile>
    <ClCompile Include="Global.cpp">
      <Filter>Main</Filter>
    </ClCompile>
    <ClCompile Include="Tokenizer.cpp">
      <Filter>Lexer</Filter>
    </ClCompile>
    <ClCompile Include="Log.cpp">
      <Filter>Main</Filter>
    </ClCompile>
    <ClCompile Include="LanguageSpec.cpp">
      <Filter>Lexer</Filter>
    </ClCompile>
    <ClCompile Include="Diagnostic.cpp">
      <Filter>Main</Filter>
    </ClCompile>
    <ClCompile Include="TokenizerNumberLiteral_.cpp">
      <Filter>Lexer</Filter>
    </ClCompile>
    <ClCompile Include="SyntaxJob.cpp">
      <Filter>Lexer</Filter>
    </ClCompile>
    <ClCompile Include="TokenizerSymbol_.cpp">
      <Filter>Lexer</Filter>
    </ClCompile>
    <ClCompile Include="TokenizerStringLiteral_.cpp">
      <Filter>Lexer</Filter>
    </ClCompile>
    <ClCompile Include="Utf8.cpp">
      <Filter>Main</Filter>
    </ClCompile>
    <ClCompile Include="Workspace.cpp">
      <Filter>Main</Filter>
    </ClCompile>
    <ClCompile Include="Ast.cpp">
      <Filter>Lexer</Filter>
    </ClCompile>
    <ClCompile Include="SemanticJob.cpp">
      <Filter>Semantic</Filter>
    </ClCompile>
    <ClCompile Include="ModuleSemanticJob.cpp">
      <Filter>Semantic</Filter>
    </ClCompile>
    <ClCompile Include="SymTable.cpp">
      <Filter>Semantic</Filter>
    </ClCompile>
    <ClCompile Include="pch.cpp" />
    <ClCompile Include="SourceFile.cpp">
      <Filter>Main</Filter>
    </ClCompile>
    <ClCompile Include="Concat.cpp">
      <Filter>Backend</Filter>
    </ClCompile>
    <ClCompile Include="ModuleOutputJob.cpp">
      <Filter>Backend</Filter>
    </ClCompile>
    <ClCompile Include="ByteCodeRun.cpp">
      <Filter>Backend\ByteCode</Filter>
    </ClCompile>
    <ClCompile Include="ByteCode.cpp">
      <Filter>Backend\ByteCode</Filter>
    </ClCompile>
    <ClCompile Include="CommandLineParser.cpp">
      <Filter>Main</Filter>
    </ClCompile>
    <ClCompile Include="Module.cpp">
      <Filter>Main</Filter>
    </ClCompile>
    <ClCompile Include="Scope.cpp">
      <Filter>Semantic</Filter>
    </ClCompile>
    <ClCompile Include="ByteCodeGenJob.cpp">
      <Filter>Backend\ByteCode</Filter>
    </ClCompile>
    <ClCompile Include="TokenizerIdentifier_.cpp">
      <Filter>Lexer</Filter>
    </ClCompile>
    <ClCompile Include="SemanticJobDeclaration_.cpp">
      <Filter>Semantic</Filter>
    </ClCompile>
    <ClCompile Include="SemanticJobType_.cpp">
      <Filter>Semantic</Filter>
    </ClCompile>
    <ClCompile Include="SemanticJobUnaryExpression_.cpp">
      <Filter>Semantic</Filter>
    </ClCompile>
    <ClCompile Include="SemanticJobVar_.cpp">
      <Filter>Semantic</Filter>
    </ClCompile>
    <ClCompile Include="SemanticJobIdentifier_.cpp">
      <Filter>Semantic</Filter>
    </ClCompile>
    <ClCompile Include="SemanticJobEnum_.cpp">
      <Filter>Semantic</Filter>
    </ClCompile>
    <ClCompile Include="SemanticJobCompiler_.cpp">
      <Filter>Semantic</Filter>
    </ClCompile>
    <ClCompile Include="SemanticJobBinaryExpression_.cpp">
      <Filter>Semantic</Filter>
    </ClCompile>
    <ClCompile Include="SemanticJobAttribute_.cpp">
      <Filter>Semantic</Filter>
    </ClCompile>
    <ClCompile Include="SyntaxJobIdentifier_.cpp">
      <Filter>Lexer</Filter>
    </ClCompile>
    <ClCompile Include="SyntaxJobFunction_.cpp">
      <Filter>Lexer</Filter>
    </ClCompile>
    <ClCompile Include="SyntaxJobExpression_.cpp">
      <Filter>Lexer</Filter>
    </ClCompile>
    <ClCompile Include="SyntaxJobEnum_.cpp">
      <Filter>Lexer</Filter>
    </ClCompile>
    <ClCompile Include="SyntaxJobDeclaration_.cpp">
      <Filter>Lexer</Filter>
    </ClCompile>
    <ClCompile Include="SyntaxJobCompiler_.cpp">
      <Filter>Lexer</Filter>
    </ClCompile>
    <ClCompile Include="SyntaxJobAttribute_.cpp">
      <Filter>Lexer</Filter>
    </ClCompile>
    <ClCompile Include="SyntaxJobType_.cpp">
      <Filter>Lexer</Filter>
    </ClCompile>
    <ClCompile Include="SyntaxJobVar_.cpp">
      <Filter>Lexer</Filter>
    </ClCompile>
    <ClCompile Include="ByteCodeGenJobIdentifier_.cpp">
      <Filter>Backend\ByteCode</Filter>
    </ClCompile>
    <ClCompile Include="ByteCodeRunContext.cpp">
      <Filter>Backend\ByteCode</Filter>
    </ClCompile>
    <ClCompile Include="ByteCodeGenJobUnaryOp_.cpp">
      <Filter>Backend\ByteCode</Filter>
    </ClCompile>
    <ClCompile Include="ByteCodeGenJobBinaryOp_.cpp">
      <Filter>Backend\ByteCode</Filter>
    </ClCompile>
    <ClCompile Include="SemanticJobExpression_.cpp">
      <Filter>Semantic</Filter>
    </ClCompile>
    <ClCompile Include="ByteCodeGenJobExpression_.cpp">
      <Filter>Backend\ByteCode</Filter>
    </ClCompile>
    <ClCompile Include="ByteCodeGenJobCast_.cpp">
      <Filter>Backend\ByteCode</Filter>
    </ClCompile>
    <ClCompile Include="AstNode.cpp">
      <Filter>Lexer</Filter>
    </ClCompile>
    <ClCompile Include="CommandLine.cpp">
      <Filter>Main</Filter>
    </ClCompile>
    <ClCompile Include="Stats.cpp">
      <Filter>Main</Filter>
    </ClCompile>
    <ClCompile Include="SyntaxJobBlock_.cpp">
      <Filter>Lexer</Filter>
    </ClCompile>
    <ClCompile Include="SemanticJobBlock_.cpp">
      <Filter>Semantic</Filter>
    </ClCompile>
    <ClCompile Include="ByteCodeGenJobBlock_.cpp">
      <Filter>Backend\ByteCode</Filter>
    </ClCompile>
    <ClCompile Include="SemanticJobAffectExpression_.cpp">
      <Filter>Semantic</Filter>
    </ClCompile>
    <ClCompile Include="ByteCodeGenJobAffectOp_.cpp">
      <Filter>Backend\ByteCode</Filter>
    </ClCompile>
    <ClCompile Include="ByteCodeGenJobVar_.cpp">
      <Filter>Backend\ByteCode</Filter>
    </ClCompile>
    <ClCompile Include="OutputFile.cpp">
      <Filter>Backend</Filter>
    </ClCompile>
    <ClCompile Include="SyntaxJobStruct_.cpp">
      <Filter>Lexer</Filter>
    </ClCompile>
    <ClCompile Include="SemanticJobStruct_.cpp">
      <Filter>Semantic</Filter>
    </ClCompile>
    <ClCompile Include="ByteCodeGenJobStruct_.cpp">
      <Filter>Backend\ByteCode</Filter>
    </ClCompile>
    <ClCompile Include="ByteCodeGenJobRef_.cpp">
      <Filter>Backend\ByteCode</Filter>
    </ClCompile>
    <ClCompile Include="SemanticJobRef_.cpp">
      <Filter>Semantic</Filter>
    </ClCompile>
    <ClCompile Include="Generic.cpp">
      <Filter>Semantic</Filter>
    </ClCompile>
    <ClCompile Include="SemanticJobCompareExpression_.cpp">
      <Filter>Semantic</Filter>
    </ClCompile>
    <ClCompile Include="SemanticJobOp_.cpp">
      <Filter>Semantic</Filter>
    </ClCompile>
    <ClCompile Include="ByteCodeGenJobProperty_.cpp">
      <Filter>Backend\ByteCode</Filter>
    </ClCompile>
    <ClCompile Include="SwagScope.cpp">
      <Filter>Semantic</Filter>
    </ClCompile>
    <ClCompile Include="DataSegment.cpp">
      <Filter>Main</Filter>
    </ClCompile>
    <ClCompile Include="ByteCodeGenJobCompareOp_.cpp">
      <Filter>Backend\ByteCode</Filter>
    </ClCompile>
    <ClCompile Include="Assert.cpp">
      <Filter>Main</Filter>
    </ClCompile>
    <ClCompile Include="RaceCondition.cpp">
      <Filter>Threading</Filter>
    </ClCompile>
    <ClCompile Include="Attribute.cpp">
      <Filter>Semantic</Filter>
    </ClCompile>
    <ClCompile Include="ByteCodeRunFFI_.cpp">
      <Filter>Backend\ByteCode</Filter>
    </ClCompile>
    <ClCompile Include="Backend.cpp">
      <Filter>Backend</Filter>
    </ClCompile>
    <ClCompile Include="AstOutput.cpp">
      <Filter>Lexer</Filter>
    </ClCompile>
    <ClCompile Include="EnumerateModuleJob.cpp">
      <Filter>Main</Filter>
    </ClCompile>
    <ClCompile Include="ModuleBuildJob.cpp">
      <Filter>Main</Filter>
    </ClCompile>
    <ClCompile Include="CopyFileJob.cpp">
      <Filter>Main</Filter>
    </ClCompile>
    <ClCompile Include="File.cpp">
      <Filter>Main</Filter>
    </ClCompile>
    <ClCompile Include="Allocator .cpp">
      <Filter>Main</Filter>
    </ClCompile>
    <ClCompile Include="ModuleManager.cpp">
      <Filter>Backend</Filter>
    </ClCompile>
    <ClCompile Include="SemanticJobFunction_.cpp">
      <Filter>Semantic</Filter>
    </ClCompile>
    <ClCompile Include="ByteCodeGenJobFunction_.cpp">
      <Filter>Backend\ByteCode</Filter>
    </ClCompile>
    <ClCompile Include="BackendLLVM.cpp">
      <Filter>Backend\LLVM</Filter>
    </ClCompile>
    <ClCompile Include="BackendLLVMMain_.cpp">
      <Filter>Backend\LLVM</Filter>
    </ClCompile>
    <ClCompile Include="BackendLLVMData_.cpp">
      <Filter>Backend\LLVM</Filter>
    </ClCompile>
    <ClCompile Include="BackendLLVMFunction_.cpp">
      <Filter>Backend\LLVM</Filter>
    </ClCompile>
    <ClCompile Include="BackendLLVMFunctionBodyJob.cpp">
      <Filter>Backend\LLVM</Filter>
    </ClCompile>
    <ClCompile Include="BackendExport_.cpp">
      <Filter>Backend</Filter>
    </ClCompile>
    <ClCompile Include="BackendNative_.cpp">
      <Filter>Backend</Filter>
    </ClCompile>
    <ClCompile Include="LLVMSetup.cpp">
      <Filter>Backend\LLVM</Filter>
    </ClCompile>
    <ClCompile Include="BackendLLVMDbg.cpp">
      <Filter>Backend\LLVM</Filter>
    </ClCompile>
    <ClCompile Include="BackendLinkerWin32.cpp">
      <Filter>Win32</Filter>
    </ClCompile>
    <ClCompile Include="BackendSetupWin32.cpp">
      <Filter>Win32</Filter>
    </ClCompile>
    <ClCompile Include="OsWin32.cpp">
      <Filter>Win32</Filter>
    </ClCompile>
    <ClCompile Include="ModuleRunJob.cpp">
      <Filter>Backend</Filter>
    </ClCompile>
    <ClCompile Include="ByteCodeGenJobSafety_.cpp">
      <Filter>Backend\ByteCode</Filter>
    </ClCompile>
    <ClCompile Include="ffi/closures.c">
      <Filter>FFI</Filter>
    </ClCompile>
    <ClCompile Include="ffi/ffi.c">
      <Filter>FFI</Filter>
    </ClCompile>
    <ClCompile Include="ffi/ffi64.c">
      <Filter>FFI</Filter>
    </ClCompile>
    <ClCompile Include="ffi/prep_cif.c">
      <Filter>FFI</Filter>
    </ClCompile>
    <ClCompile Include="ffi/types.c">
      <Filter>FFI</Filter>
    </ClCompile>
    <ClCompile Include="CompilerItf.cpp">
      <Filter>Main</Filter>
    </ClCompile>
    <ClCompile Include="TypeInfo.cpp">
      <Filter>Type</Filter>
    </ClCompile>
    <ClCompile Include="TypeInfoMatch_.cpp">
      <Filter>Type</Filter>
    </ClCompile>
    <ClCompile Include="TypeInfoSpecific_.cpp">
      <Filter>Type</Filter>
    </ClCompile>
    <ClCompile Include="TypeManager.cpp">
      <Filter>Type</Filter>
    </ClCompile>
    <ClCompile Include="TypeManagerCast_.cpp">
      <Filter>Type</Filter>
    </ClCompile>
    <ClCompile Include="TypeTable.cpp">
      <Filter>Type</Filter>
    </ClCompile>
    <ClCompile Include="TypeTableJob.cpp">
      <Filter>Type</Filter>
    </ClCompile>
    <ClCompile Include="BackendX64.cpp">
      <Filter>Backend\X64</Filter>
    </ClCompile>
    <ClCompile Include="BackendX64Data_.cpp">
      <Filter>Backend\X64</Filter>
    </ClCompile>
    <ClCompile Include="BackendX64Function_.cpp">
      <Filter>Backend\X64</Filter>
    </ClCompile>
    <ClCompile Include="BackendX64FunctionBodyJob.cpp">
      <Filter>Backend\X64</Filter>
    </ClCompile>
    <ClCompile Include="BackendX64Main_.cpp">
      <Filter>Backend\X64</Filter>
    </ClCompile>
    <ClCompile Include="ModuleExportJob.cpp">
      <Filter>Backend</Filter>
    </ClCompile>
    <ClCompile Include="ModuleGenOutputJob.cpp">
      <Filter>Backend</Filter>
    </ClCompile>
    <ClCompile Include="ModulePrepOutputJob.cpp">
      <Filter>Backend</Filter>
    </ClCompile>
    <ClCompile Include="ProfileWin32.cpp">
      <Filter>Win32</Filter>
    </ClCompile>
    <ClCompile Include="SemanticJobIntrinsic_.cpp">
      <Filter>Semantic</Filter>
    </ClCompile>
    <ClCompile Include="ModuleSaveExportJob.cpp">
      <Filter>Backend</Filter>
    </ClCompile>
    <ClCompile Include="BackendX64SaveObjJob.cpp">
      <Filter>Backend\X64</Filter>
    </ClCompile>
    <ClCompile Include="Context.cpp">
      <Filter>Backend</Filter>
    </ClCompile>
    <ClCompile Include="ByteCodeStack.cpp">
      <Filter>Backend\ByteCode</Filter>
    </ClCompile>
    <ClCompile Include="ByteCodeOptimizer.cpp">
      <Filter>Backend\ByteCode\Optimize</Filter>
    </ClCompile>
    <ClCompile Include="ByteCodeOptimizer_const_.cpp">
      <Filter>Backend\ByteCode\Optimize</Filter>
    </ClCompile>
    <ClCompile Include="ByteCodeOptimizer_deadcode_.cpp">
      <Filter>Backend\ByteCode\Optimize</Filter>
    </ClCompile>
    <ClCompile Include="ByteCodeOptimizer_deadstore_.cpp">
      <Filter>Backend\ByteCode\Optimize</Filter>
    </ClCompile>
    <ClCompile Include="ByteCodeOptimizer_dup_.cpp">
      <Filter>Backend\ByteCode\Optimize</Filter>
    </ClCompile>
    <ClCompile Include="ByteCodeOptimizer_emptyfct_.cpp">
      <Filter>Backend\ByteCode\Optimize</Filter>
    </ClCompile>
    <ClCompile Include="ByteCodeOptimizer_imm_.cpp">
      <Filter>Backend\ByteCode\Optimize</Filter>
    </ClCompile>
    <ClCompile Include="ByteCodeOptimizer_jumps_.cpp">
      <Filter>Backend\ByteCode\Optimize</Filter>
    </ClCompile>
    <ClCompile Include="ByteCodeOptimizer_stack_.cpp">
      <Filter>Backend\ByteCode\Optimize</Filter>
    </ClCompile>
    <ClCompile Include="SemanticJobCollect_.cpp">
      <Filter>Semantic</Filter>
    </ClCompile>
    <ClCompile Include="Runtime.cpp">
      <Filter>Backend</Filter>
    </ClCompile>
    <ClCompile Include="Memcpy.cpp">
      <Filter>Main</Filter>
    </ClCompile>
  </ItemGroup>
  <ItemGroup>
    <ClInclude Include="JobThread.h">
      <Filter>Threading</Filter>
    </ClInclude>
    <ClInclude Include="ThreadManager.h">
      <Filter>Threading</Filter>
    </ClInclude>
    <ClInclude Include="Global.h">
      <Filter>Main</Filter>
    </ClInclude>
    <ClInclude Include="Tokenizer.h">
      <Filter>Lexer</Filter>
    </ClInclude>
    <ClInclude Include="CommandLine.h">
      <Filter>Main</Filter>
    </ClInclude>
    <ClInclude Include="Log.h">
      <Filter>Main</Filter>
    </ClInclude>
    <ClInclude Include="Stats.h">
      <Filter>Main</Filter>
    </ClInclude>
    <ClInclude Include="LanguageSpec.h">
      <Filter>Lexer</Filter>
    </ClInclude>
    <ClInclude Include="Pool.h">
      <Filter>Main</Filter>
    </ClInclude>
    <ClInclude Include="Job.h">
      <Filter>Threading</Filter>
    </ClInclude>
    <ClInclude Include="Diagnostic.h">
      <Filter>Main</Filter>
    </ClInclude>
    <ClInclude Include="Register.h">
      <Filter>Main</Filter>
    </ClInclude>
    <ClInclude Include="SyntaxJob.h">
      <Filter>Lexer</Filter>
    </ClInclude>
    <ClInclude Include="Utf8.h">
      <Filter>Main</Filter>
    </ClInclude>
    <ClInclude Include="Workspace.h">
      <Filter>Main</Filter>
    </ClInclude>
    <ClInclude Include="Ast.h">
      <Filter>Lexer</Filter>
    </ClInclude>
    <ClInclude Include="AstNode.h">
      <Filter>Lexer</Filter>
    </ClInclude>
    <ClInclude Include="SemanticJob.h">
      <Filter>Semantic</Filter>
    </ClInclude>
    <ClInclude Include="ModuleSemanticJob.h">
      <Filter>Semantic</Filter>
    </ClInclude>
    <ClInclude Include="SymTable.h">
      <Filter>Semantic</Filter>
    </ClInclude>
    <ClInclude Include="pch.h" />
    <ClInclude Include="Utf8Crc.h">
      <Filter>Main</Filter>
    </ClInclude>
    <ClInclude Include="SourceFile.h">
      <Filter>Main</Filter>
    </ClInclude>
    <ClInclude Include="Scope.h">
      <Filter>Semantic</Filter>
    </ClInclude>
    <ClInclude Include="Concat.h">
      <Filter>Backend</Filter>
    </ClInclude>
    <ClInclude Include="ModuleOutputJob.h">
      <Filter>Backend</Filter>
    </ClInclude>
    <ClInclude Include="ByteCodeRun.h">
      <Filter>Backend\ByteCode</Filter>
    </ClInclude>
    <ClInclude Include="ByteCode.h">
      <Filter>Backend\ByteCode</Filter>
    </ClInclude>
    <ClInclude Include="ByteCodeRunContext.h">
      <Filter>Backend\ByteCode</Filter>
    </ClInclude>
    <ClInclude Include="CommandLineParser.h">
      <Filter>Main</Filter>
    </ClInclude>
    <ClInclude Include="Module.h">
      <Filter>Main</Filter>
    </ClInclude>
    <ClInclude Include="ByteCodeGenJob.h">
      <Filter>Backend\ByteCode</Filter>
    </ClInclude>
    <ClInclude Include="ByteCodeOp.h">
      <Filter>Backend\ByteCode</Filter>
    </ClInclude>
    <ClInclude Include="ByteCodeOpList.h">
      <Filter>Backend\ByteCode</Filter>
    </ClInclude>
    <ClInclude Include="BuildPass.h">
      <Filter>Main</Filter>
    </ClInclude>
    <ClInclude Include="Version.h">
      <Filter>Main</Filter>
    </ClInclude>
    <ClInclude Include="Attribute.h">
      <Filter>Semantic</Filter>
    </ClInclude>
    <ClInclude Include="Backend.h">
      <Filter>Backend</Filter>
    </ClInclude>
    <ClInclude Include="AstFlags.h">
      <Filter>Lexer</Filter>
    </ClInclude>
    <ClInclude Include="RegisterList.h">
      <Filter>Main</Filter>
    </ClInclude>
    <ClInclude Include="OutputFile.h">
      <Filter>Backend</Filter>
    </ClInclude>
    <ClInclude Include="Generic.h">
      <Filter>Semantic</Filter>
    </ClInclude>
    <ClInclude Include="SwagScope.h">
      <Filter>Semantic</Filter>
    </ClInclude>
    <ClInclude Include="DataSegment.h">
      <Filter>Main</Filter>
    </ClInclude>
    <ClInclude Include="Assert.h">
      <Filter>Main</Filter>
    </ClInclude>
    <ClInclude Include="RaceCondition.h">
      <Filter>Threading</Filter>
    </ClInclude>
    <ClInclude Include="DependentJobs.h">
      <Filter>Main</Filter>
    </ClInclude>
    <ClInclude Include="BuildParameters.h">
      <Filter>Backend</Filter>
    </ClInclude>
    <ClInclude Include="Os.h">
      <Filter>Main</Filter>
    </ClInclude>
    <ClInclude Include="Scoped.h">
      <Filter>Main</Filter>
    </ClInclude>
    <ClInclude Include="EnumerateModuleJob.h">
      <Filter>Main</Filter>
    </ClInclude>
    <ClInclude Include="ModuleBuildJob.h">
      <Filter>Main</Filter>
    </ClInclude>
    <ClInclude Include="File.h">
      <Filter>Main</Filter>
    </ClInclude>
    <ClInclude Include="Allocator.h">
      <Filter>Main</Filter>
    </ClInclude>
    <ClInclude Include="ModuleManager.h">
      <Filter>Backend</Filter>
    </ClInclude>
    <ClInclude Include="VectorNative.h">
      <Filter>Main</Filter>
    </ClInclude>
    <ClInclude Include="BackendLLVM.h">
      <Filter>Backend\LLVM</Filter>
    </ClInclude>
    <ClInclude Include="BackendLLVMFunctionBodyJob.h">
      <Filter>Backend\LLVM</Filter>
    </ClInclude>
    <ClInclude Include="LLVMSetup.h">
      <Filter>Backend\LLVM</Filter>
    </ClInclude>
    <ClInclude Include="BackendLLVMDbg.h">
      <Filter>Backend\LLVM</Filter>
    </ClInclude>
    <ClInclude Include="BackendFunctionBodyJob.h">
      <Filter>Backend</Filter>
    </ClInclude>
    <ClInclude Include="BackendLinkerWin32.h">
      <Filter>Win32</Filter>
    </ClInclude>
    <ClInclude Include="BackendSetupWin32.h">
      <Filter>Win32</Filter>
    </ClInclude>
    <ClInclude Include="ModuleRunJob.h">
      <Filter>Backend</Filter>
    </ClInclude>
    <ClInclude Include="ComWin32.hpp">
      <Filter>Win32</Filter>
    </ClInclude>
    <ClInclude Include="Timer.h">
      <Filter>Main</Filter>
    </ClInclude>
    <ClInclude Include="ffi/ffi.h">
      <Filter>FFI</Filter>
    </ClInclude>
    <ClInclude Include="ffi/ffi_common.h">
      <Filter>FFI</Filter>
    </ClInclude>
    <ClInclude Include="ffi/fficonfig.h">
      <Filter>FFI</Filter>
    </ClInclude>
    <ClInclude Include="ffi/ffitarget.h">
      <Filter>FFI</Filter>
    </ClInclude>
    <ClInclude Include="CompilerItf.h">
      <Filter>Main</Filter>
    </ClInclude>
    <ClInclude Include="TypeTableJob.h">
      <Filter>Type</Filter>
    </ClInclude>
    <ClInclude Include="TypeInfo.h">
      <Filter>Type</Filter>
    </ClInclude>
    <ClInclude Include="TypeManager.h">
      <Filter>Type</Filter>
    </ClInclude>
    <ClInclude Include="TypeTable.h">
      <Filter>Type</Filter>
    </ClInclude>
    <ClInclude Include="SpinLock.h">
      <Filter>Threading</Filter>
    </ClInclude>
    <ClInclude Include="BackendX64.h">
      <Filter>Backend\X64</Filter>
    </ClInclude>
    <ClInclude Include="BackendX64FunctionBodyJob.h">
      <Filter>Backend\X64</Filter>
    </ClInclude>
    <ClInclude Include="BackendX64Inst.h">
      <Filter>Backend\X64</Filter>
    </ClInclude>
    <ClInclude Include="ModuleExportJob.h">
      <Filter>Backend</Filter>
    </ClInclude>
    <ClInclude Include="ModuleGenOutputJob.h">
      <Filter>Backend</Filter>
    </ClInclude>
    <ClInclude Include="ModulePrepOutputJob.h">
      <Filter>Backend</Filter>
    </ClInclude>
    <ClInclude Include="ProfileWin32.h">
      <Filter>Win32</Filter>
    </ClInclude>
    <ClInclude Include="Profile.h">
      <Filter>Main</Filter>
    </ClInclude>
    <ClInclude Include="SourceLocation.h">
      <Filter>Lexer</Filter>
    </ClInclude>
    <ClInclude Include="TokenIds.h">
      <Filter>Lexer</Filter>
    </ClInclude>
    <ClInclude Include="BackendLLVMFunctionMacros_.h">
      <Filter>Backend\LLVM</Filter>
    </ClInclude>
    <ClInclude Include="BackendX64FunctionMacros_.h">
      <Filter>Backend\X64</Filter>
    </ClInclude>
    <ClInclude Include="CopyFileJob.h">
      <Filter>Main</Filter>
    </ClInclude>
    <ClInclude Include="ModuleSaveExportJob.h">
      <Filter>Backend</Filter>
    </ClInclude>
    <ClInclude Include="BackendX64SaveObjJob.h">
      <Filter>Backend\X64</Filter>
    </ClInclude>
    <ClInclude Include="Context.h">
      <Filter>Backend</Filter>
    </ClInclude>
    <ClInclude Include="ByteCodeStack.h">
      <Filter>Backend\ByteCode</Filter>
    </ClInclude>
    <ClInclude Include="ByteCodeOptimizer.h">
      <Filter>Backend\ByteCode\Optimize</Filter>
    </ClInclude>
    <ClInclude Include="Runtime.h">
      <Filter>Backend</Filter>
    </ClInclude>
  </ItemGroup>
  <ItemGroup>
    <Filter Include="Threading">
      <UniqueIdentifier>{e8e10c82-0958-4dec-b1a7-7925f336a87c}</UniqueIdentifier>
    </Filter>
    <Filter Include="Main">
      <UniqueIdentifier>{ec1ce4ee-f636-49c8-b14c-ba31cc1e1e91}</UniqueIdentifier>
    </Filter>
    <Filter Include="FFI">
      <UniqueIdentifier>{4e25712b-01db-43ce-b213-34d28464abfd}</UniqueIdentifier>
    </Filter>
    <Filter Include="Lexer">
      <UniqueIdentifier>{2ec0b045-bdd6-4a7a-a120-2c91b7025073}</UniqueIdentifier>
    </Filter>
    <Filter Include="Semantic">
      <UniqueIdentifier>{5f62a50f-54d2-4ca7-be2f-7fba0994f861}</UniqueIdentifier>
    </Filter>
    <Filter Include="Backend">
      <UniqueIdentifier>{7fe556f7-f7f6-4fd4-b6f3-8b9e91dc51de}</UniqueIdentifier>
    </Filter>
    <Filter Include="Backend\ByteCode">
      <UniqueIdentifier>{5facb5bb-a2a0-45dd-aa6c-20852346b20a}</UniqueIdentifier>
    </Filter>
    <Filter Include="Resource">
      <UniqueIdentifier>{db70f2f6-b909-4fab-a3c3-a23454ba5a37}</UniqueIdentifier>
    </Filter>
    <Filter Include="Win32">
      <UniqueIdentifier>{31fa90c8-f664-40b5-8bc5-d3606d6e2ffa}</UniqueIdentifier>
    </Filter>
    <Filter Include="Backend\LLVM">
      <UniqueIdentifier>{c60a90b2-c79e-4690-938f-f6f4ab31461c}</UniqueIdentifier>
    </Filter>
    <Filter Include="Type">
      <UniqueIdentifier>{5d3754c6-5cd6-4c17-beb5-5141ff0d58e8}</UniqueIdentifier>
    </Filter>
    <Filter Include="Backend\X64">
      <UniqueIdentifier>{8a2a36d9-44c6-423d-8d02-ff5e04508f18}</UniqueIdentifier>
    </Filter>
    <Filter Include="Backend\ByteCode\Optimize">
      <UniqueIdentifier>{78754e10-947b-4b7b-bdfa-8eb19470f27d}</UniqueIdentifier>
    </Filter>
  </ItemGroup>
  <ItemGroup>
    <None Include=".clang-format" />
    <None Include=".out\swag.bootstrap.swg">
      <Filter>Resource</Filter>
    </None>
    <None Include=".out\swag.runtime.swg">
      <Filter>Resource</Filter>
    </None>
  </ItemGroup>
  <ItemGroup>
    <Natvis Include="swag.natvis" />
  </ItemGroup>
  <ItemGroup>
    <CustomBuild Include="ffi/win64.S">
      <Filter>FFI</Filter>
    </CustomBuild>
  </ItemGroup>
  <ItemGroup>
    <Text Include="todo.txt" />
  </ItemGroup>
</Project>