<?xml version="1.0" encoding="utf-8"?>
<Project ToolsVersion="4.0" xmlns="http://schemas.microsoft.com/developer/msbuild/2003">
  <ItemGroup>
    <ClCompile Include="libc\win32\memcpy.cpp">
      <Filter>LibC\Win32</Filter>
    </ClCompile>
    <ClCompile Include="swag_runtime_tls.cpp" />
  </ItemGroup>
  <ItemGroup>
    <ClInclude Include="libc\libc.h">
      <Filter>LibC</Filter>
    </ClInclude>
    <ClInclude Include="libc\win32\win32.h">
      <Filter>LibC\Win32</Filter>
    </ClInclude>
    <ClInclude Include="libc\stdint.h">
      <Filter>LibC</Filter>
    </ClInclude>
    <ClInclude Include="swag_runtime.h" />
  </ItemGroup>
  <ItemGroup>
    <Filter Include="LibC">
      <UniqueIdentifier>{8b6bcd70-8f10-42ff-9e89-76c2c0601fa3}</UniqueIdentifier>
    </Filter>
    <Filter Include="LibC\Win32">
      <UniqueIdentifier>{8ff5276b-eb11-47b3-927f-5b0e319395ce}</UniqueIdentifier>
    </Filter>
  </ItemGroup>
</Project>