<?xml version="1.0" encoding="utf-8"?>
<Project ToolsVersion="4.0" xmlns="http://schemas.microsoft.com/developer/msbuild/2003">
  <ItemGroup>
    <ClCompile Include="JobThread.cpp">
      <Filter>Threading</Filter>
    </ClCompile>
    <ClCompile Include="LoadingThread.cpp">
      <Filter>Threading</Filter>
    </ClCompile>
    <ClCompile Include="ThreadManager.cpp">
      <Filter>Threading</Filter>
    </ClCompile>
    <ClCompile Include="Swag.cpp">
      <Filter>Main</Filter>
    </ClCompile>
    <ClCompile Include="closures.c">
      <Filter>FFI</Filter>
    </ClCompile>
    <ClCompile Include="ffi.c">
      <Filter>FFI</Filter>
    </ClCompile>
    <ClCompile Include="ffi64.c">
      <Filter>FFI</Filter>
    </ClCompile>
    <ClCompile Include="Global.cpp">
      <Filter>Main</Filter>
    </ClCompile>
    <ClCompile Include="Tokenizer.cpp">
      <Filter>Lexer</Filter>
    </ClCompile>
    <ClCompile Include="CommandLine.cpp">
      <Filter>Main</Filter>
    </ClCompile>
    <ClCompile Include="SourceFile.cpp">
      <Filter>Lexer</Filter>
    </ClCompile>
    <ClCompile Include="Log.cpp">
      <Filter>Main</Filter>
    </ClCompile>
    <ClCompile Include="prep_cif.c">
      <Filter>FFI</Filter>
    </ClCompile>
    <ClCompile Include="types.c">
      <Filter>FFI</Filter>
    </ClCompile>
    <ClCompile Include="LanguageSpec.cpp">
      <Filter>Lexer</Filter>
    </ClCompile>
    <ClCompile Include="Diagnostic.cpp">
      <Filter>Main</Filter>
    </ClCompile>
    <ClCompile Include="TokenizerNumberLiteral_.cpp">
      <Filter>Lexer</Filter>
    </ClCompile>
    <ClCompile Include="SyntaxJob.cpp">
      <Filter>Lexer</Filter>
    </ClCompile>
    <ClCompile Include="TokenizerSymbol_.cpp">
      <Filter>Lexer</Filter>
    </ClCompile>
    <ClCompile Include="TokenizerStringLiteral_.cpp">
      <Filter>Lexer</Filter>
    </ClCompile>
    <ClCompile Include="Utf8.cpp">
      <Filter>Main</Filter>
    </ClCompile>
    <ClCompile Include="Workspace.cpp">
      <Filter>Main</Filter>
    </ClCompile>
    <ClCompile Include="Ast.cpp">
      <Filter>Lexer</Filter>
    </ClCompile>
    <ClCompile Include="SyntaxDeclaration_.cpp">
      <Filter>Lexer</Filter>
    </ClCompile>
    <ClCompile Include="Module.cpp">
      <Filter>Semantic</Filter>
    </ClCompile>
    <ClCompile Include="SemanticJob.cpp">
      <Filter>Semantic</Filter>
    </ClCompile>
    <ClCompile Include="ModuleSemanticJob.cpp">
      <Filter>Semantic</Filter>
    </ClCompile>
    <ClCompile Include="SymTable.cpp">
      <Filter>Semantic</Filter>
    </ClCompile>
    <ClCompile Include="SyntaxCompiler_.cpp">
      <Filter>Lexer</Filter>
    </ClCompile>
    <ClCompile Include="pch.cpp" />
    <ClCompile Include="TypeInfo.cpp">
      <Filter>Semantic</Filter>
    </ClCompile>
    <ClCompile Include="TypeManager.cpp">
      <Filter>Semantic</Filter>
    </ClCompile>
    <ClCompile Include="SemanticExpression_.cpp">
      <Filter>Semantic</Filter>
    </ClCompile>
    <ClCompile Include="SemanticDeclaration_.cpp">
      <Filter>Semantic</Filter>
    </ClCompile>
    <ClCompile Include="SyntaxExpression_.cpp">
      <Filter>Lexer</Filter>
    </ClCompile>
    <ClCompile Include="TypeManagerCast_.cpp">
      <Filter>Semantic</Filter>
    </ClCompile>
  </ItemGroup>
  <ItemGroup>
    <ClInclude Include="JobThread.h">
      <Filter>Threading</Filter>
    </ClInclude>
    <ClInclude Include="LoadingThread.h">
      <Filter>Threading</Filter>
    </ClInclude>
    <ClInclude Include="ThreadManager.h">
      <Filter>Threading</Filter>
    </ClInclude>
    <ClInclude Include="ffi.h">
      <Filter>FFI</Filter>
    </ClInclude>
    <ClInclude Include="ffi_common.h">
      <Filter>FFI</Filter>
    </ClInclude>
    <ClInclude Include="fficonfig.h">
      <Filter>FFI</Filter>
    </ClInclude>
    <ClInclude Include="ffitarget.h">
      <Filter>FFI</Filter>
    </ClInclude>
    <ClInclude Include="Global.h">
      <Filter>Main</Filter>
    </ClInclude>
    <ClInclude Include="Tokenizer.h">
      <Filter>Lexer</Filter>
    </ClInclude>
    <ClInclude Include="CommandLine.h">
      <Filter>Main</Filter>
    </ClInclude>
    <ClInclude Include="SourceFile.h">
      <Filter>Lexer</Filter>
    </ClInclude>
    <ClInclude Include="Log.h">
      <Filter>Main</Filter>
    </ClInclude>
    <ClInclude Include="Stats.h">
      <Filter>Main</Filter>
    </ClInclude>
    <ClInclude Include="LanguageSpec.h">
      <Filter>Lexer</Filter>
    </ClInclude>
    <ClInclude Include="Pool.h">
      <Filter>Main</Filter>
    </ClInclude>
    <ClInclude Include="PoolFactory.h">
      <Filter>Main</Filter>
    </ClInclude>
    <ClInclude Include="Job.h">
      <Filter>Threading</Filter>
    </ClInclude>
    <ClInclude Include="Diagnostic.h">
      <Filter>Main</Filter>
    </ClInclude>
    <ClInclude Include="Register.h">
      <Filter>Main</Filter>
    </ClInclude>
    <ClInclude Include="SyntaxJob.h">
      <Filter>Lexer</Filter>
    </ClInclude>
    <ClInclude Include="Utf8.h">
      <Filter>Main</Filter>
    </ClInclude>
    <ClInclude Include="Workspace.h">
      <Filter>Main</Filter>
    </ClInclude>
    <ClInclude Include="Ast.h">
      <Filter>Lexer</Filter>
    </ClInclude>
    <ClInclude Include="SpinLock.h">
      <Filter>Threading</Filter>
    </ClInclude>
    <ClInclude Include="AstNode.h">
      <Filter>Lexer</Filter>
    </ClInclude>
    <ClInclude Include="Module.h">
      <Filter>Semantic</Filter>
    </ClInclude>
    <ClInclude Include="SemanticJob.h">
      <Filter>Semantic</Filter>
    </ClInclude>
    <ClInclude Include="ModuleSemanticJob.h">
      <Filter>Semantic</Filter>
    </ClInclude>
    <ClInclude Include="SymTable.h">
      <Filter>Semantic</Filter>
    </ClInclude>
    <ClInclude Include="pch.h" />
    <ClInclude Include="TypeInfo.h">
      <Filter>Semantic</Filter>
    </ClInclude>
    <ClInclude Include="Utf8Crc.h">
      <Filter>Main</Filter>
    </ClInclude>
    <ClInclude Include="Scope.h">
      <Filter>Lexer</Filter>
    </ClInclude>
    <ClInclude Include="TypeManager.h">
      <Filter>Semantic</Filter>
    </ClInclude>
  </ItemGroup>
  <ItemGroup>
    <Filter Include="Threading">
      <UniqueIdentifier>{e8e10c82-0958-4dec-b1a7-7925f336a87c}</UniqueIdentifier>
    </Filter>
    <Filter Include="Main">
      <UniqueIdentifier>{ec1ce4ee-f636-49c8-b14c-ba31cc1e1e91}</UniqueIdentifier>
    </Filter>
    <Filter Include="FFI">
      <UniqueIdentifier>{4e25712b-01db-43ce-b213-34d28464abfd}</UniqueIdentifier>
    </Filter>
    <Filter Include="Lexer">
      <UniqueIdentifier>{2ec0b045-bdd6-4a7a-a120-2c91b7025073}</UniqueIdentifier>
    </Filter>
    <Filter Include="Semantic">
      <UniqueIdentifier>{5f62a50f-54d2-4ca7-be2f-7fba0994f861}</UniqueIdentifier>
    </Filter>
  </ItemGroup>
  <ItemGroup>
    <None Include=".clang-format">
      <Filter>Main</Filter>
    </None>
  </ItemGroup>
  <ItemGroup>
    <CustomBuild Include="win64.S">
      <Filter>FFI</Filter>
    </CustomBuild>
  </ItemGroup>
</Project>